
Microsoft Visual Studio Solution File, Format Version 12.00
# Visual Studio 15
VisualStudioVersion = 15.0.28307.168
MinimumVisualStudioVersion = 10.0.40219.1
Project("{9A19103F-16F7-4668-BE54-9A1E7A4F7556}") = "CompositeVideoMonitor", "CompositeVideoMonitor.csproj", "{5C288487-A099-4A36-A589-7C62D3927241}"
EndProject
Global
	GlobalSection(SolutionConfigurationPlatforms) = preSolution
		Debug|Any CPU = Debug|Any CPU
		Release|Any CPU = Release|Any CPU
	EndGlobalSection
	GlobalSection(ProjectConfigurationPlatforms) = postSolution
		{5C288487-A099-4A36-A589-7C62D3927241}.Debug|Any CPU.ActiveCfg = Debug|Any CPU
		{5C288487-A099-4A36-A589-7C62D3927241}.Debug|Any CPU.Build.0 = Debug|Any CPU
		{5C288487-A099-4A36-A589-7C62D3927241}.Release|Any CPU.ActiveCfg = Release|Any CPU
		{5C288487-A099-4A36-A589-7C62D3927241}.Release|Any CPU.Build.0 = Release|Any CPU
	EndGlobalSection
	GlobalSection(SolutionProperties) = preSolution
		HideSolutionNode = FALSE
	EndGlobalSection
	GlobalSection(ExtensibilityGlobals) = postSolution
		SolutionGuid = {E59CDED6-EDD2-4F39-AC38-71BA6DEA97E1}
	EndGlobalSection
EndGlobal
